// !$*UTF8*$!
{
	archiveVersion = 1;
	classes = {
	};
	objectVersion = 50;
	objects = {

/* Begin PBXBuildFile section */
		C967C9A820BFC5DE003E9303 /* AppDelegate.swift in Sources */ = {isa = PBXBuildFile; fileRef = C967C9A720BFC5DE003E9303 /* AppDelegate.swift */; };
		C967C9AA20BFC5DE003E9303 /* ViewController.swift in Sources */ = {isa = PBXBuildFile; fileRef = C967C9A920BFC5DE003E9303 /* ViewController.swift */; };
		C967C9AD20BFC5DE003E9303 /* Main.storyboard in Resources */ = {isa = PBXBuildFile; fileRef = C967C9AB20BFC5DE003E9303 /* Main.storyboard */; };
		C967C9AF20BFC5E0003E9303 /* Assets.xcassets in Resources */ = {isa = PBXBuildFile; fileRef = C967C9AE20BFC5E0003E9303 /* Assets.xcassets */; };
		C967C9B220BFC5E0003E9303 /* LaunchScreen.storyboard in Resources */ = {isa = PBXBuildFile; fileRef = C967C9B020BFC5E0003E9303 /* LaunchScreen.storyboard */; };
		C967C9BD20BFC5E0003E9303 /* VideoPlayerDemoTests.swift in Sources */ = {isa = PBXBuildFile; fileRef = C967C9BC20BFC5E0003E9303 /* VideoPlayerDemoTests.swift */; };
		C967C9C820BFC5E0003E9303 /* VideoPlayerDemoUITests.swift in Sources */ = {isa = PBXBuildFile; fileRef = C967C9C720BFC5E0003E9303 /* VideoPlayerDemoUITests.swift */; };
		C967C9D820BFC615003E9303 /* VideoPlayer.swift in Sources */ = {isa = PBXBuildFile; fileRef = C967C9D620BFC615003E9303 /* VideoPlayer.swift */; };
		C967C9D920BFC615003E9303 /* VideoPlayerInfo.swift in Sources */ = {isa = PBXBuildFile; fileRef = C967C9D720BFC615003E9303 /* VideoPlayerInfo.swift */; };
		C967C9DB20BFC67D003E9303 /* VideoPlayerDelegates.swift in Sources */ = {isa = PBXBuildFile; fileRef = C967C9DA20BFC67D003E9303 /* VideoPlayerDelegates.swift */; };
		C9FDCED920C124360027358F /* VideoPlayerView.swift in Sources */ = {isa = PBXBuildFile; fileRef = C9FDCED820C124360027358F /* VideoPlayerView.swift */; };
		C9FDCEDB20C12BE30027358F /* VideoPlayerControlView.swift in Sources */ = {isa = PBXBuildFile; fileRef = C9FDCEDA20C12BE30027358F /* VideoPlayerControlView.swift */; };
		C9FDCEDD20C145D00027358F /* VideoPlayerSlider.swift in Sources */ = {isa = PBXBuildFile; fileRef = C9FDCEDC20C145D00027358F /* VideoPlayerSlider.swift */; };
		C9FDCEDF20C14C610027358F /* VideoPlayerUtils.swift in Sources */ = {isa = PBXBuildFile; fileRef = C9FDCEDE20C14C610027358F /* VideoPlayerUtils.swift */; };
/* End PBXBuildFile section */

/* Begin PBXContainerItemProxy section */
		C967C9B920BFC5E0003E9303 /* PBXContainerItemProxy */ = {
			isa = PBXContainerItemProxy;
			containerPortal = C967C99C20BFC5DE003E9303 /* Project object */;
			proxyType = 1;
			remoteGlobalIDString = C967C9A320BFC5DE003E9303;
			remoteInfo = VideoPlayerDemo;
		};
		C967C9C420BFC5E0003E9303 /* PBXContainerItemProxy */ = {
			isa = PBXContainerItemProxy;
			containerPortal = C967C99C20BFC5DE003E9303 /* Project object */;
			proxyType = 1;
			remoteGlobalIDString = C967C9A320BFC5DE003E9303;
			remoteInfo = VideoPlayerDemo;
		};
/* End PBXContainerItemProxy section */

/* Begin PBXFileReference section */
		C967C9A420BFC5DE003E9303 /* VideoPlayerDemo.app */ = {isa = PBXFileReference; explicitFileType = wrapper.application; includeInIndex = 0; path = VideoPlayerDemo.app; sourceTree = BUILT_PRODUCTS_DIR; };
		C967C9A720BFC5DE003E9303 /* AppDelegate.swift */ = {isa = PBXFileReference; lastKnownFileType = sourcecode.swift; path = AppDelegate.swift; sourceTree = "<group>"; };
		C967C9A920BFC5DE003E9303 /* ViewController.swift */ = {isa = PBXFileReference; lastKnownFileType = sourcecode.swift; path = ViewController.swift; sourceTree = "<group>"; };
		C967C9AC20BFC5DE003E9303 /* Base */ = {isa = PBXFileReference; lastKnownFileType = file.storyboard; name = Base; path = Base.lproj/Main.storyboard; sourceTree = "<group>"; };
		C967C9AE20BFC5E0003E9303 /* Assets.xcassets */ = {isa = PBXFileReference; lastKnownFileType = folder.assetcatalog; path = Assets.xcassets; sourceTree = "<group>"; };
		C967C9B120BFC5E0003E9303 /* Base */ = {isa = PBXFileReference; lastKnownFileType = file.storyboard; name = Base; path = Base.lproj/LaunchScreen.storyboard; sourceTree = "<group>"; };
		C967C9B320BFC5E0003E9303 /* Info.plist */ = {isa = PBXFileReference; lastKnownFileType = text.plist.xml; path = Info.plist; sourceTree = "<group>"; };
		C967C9B820BFC5E0003E9303 /* VideoPlayerDemoTests.xctest */ = {isa = PBXFileReference; explicitFileType = wrapper.cfbundle; includeInIndex = 0; path = VideoPlayerDemoTests.xctest; sourceTree = BUILT_PRODUCTS_DIR; };
		C967C9BC20BFC5E0003E9303 /* VideoPlayerDemoTests.swift */ = {isa = PBXFileReference; lastKnownFileType = sourcecode.swift; path = VideoPlayerDemoTests.swift; sourceTree = "<group>"; };
		C967C9BE20BFC5E0003E9303 /* Info.plist */ = {isa = PBXFileReference; lastKnownFileType = text.plist.xml; path = Info.plist; sourceTree = "<group>"; };
		C967C9C320BFC5E0003E9303 /* VideoPlayerDemoUITests.xctest */ = {isa = PBXFileReference; explicitFileType = wrapper.cfbundle; includeInIndex = 0; path = VideoPlayerDemoUITests.xctest; sourceTree = BUILT_PRODUCTS_DIR; };
		C967C9C720BFC5E0003E9303 /* VideoPlayerDemoUITests.swift */ = {isa = PBXFileReference; lastKnownFileType = sourcecode.swift; path = VideoPlayerDemoUITests.swift; sourceTree = "<group>"; };
		C967C9C920BFC5E0003E9303 /* Info.plist */ = {isa = PBXFileReference; lastKnownFileType = text.plist.xml; path = Info.plist; sourceTree = "<group>"; };
		C967C9D620BFC615003E9303 /* VideoPlayer.swift */ = {isa = PBXFileReference; fileEncoding = 4; lastKnownFileType = sourcecode.swift; path = VideoPlayer.swift; sourceTree = "<group>"; };
		C967C9D720BFC615003E9303 /* VideoPlayerInfo.swift */ = {isa = PBXFileReference; fileEncoding = 4; lastKnownFileType = sourcecode.swift; path = VideoPlayerInfo.swift; sourceTree = "<group>"; };
		C967C9DA20BFC67D003E9303 /* VideoPlayerDelegates.swift */ = {isa = PBXFileReference; lastKnownFileType = sourcecode.swift; path = VideoPlayerDelegates.swift; sourceTree = "<group>"; };
		C9FDCED820C124360027358F /* VideoPlayerView.swift */ = {isa = PBXFileReference; lastKnownFileType = sourcecode.swift; path = VideoPlayerView.swift; sourceTree = "<group>"; };
		C9FDCEDA20C12BE30027358F /* VideoPlayerControlView.swift */ = {isa = PBXFileReference; lastKnownFileType = sourcecode.swift; path = VideoPlayerControlView.swift; sourceTree = "<group>"; };
		C9FDCEDC20C145D00027358F /* VideoPlayerSlider.swift */ = {isa = PBXFileReference; lastKnownFileType = sourcecode.swift; path = VideoPlayerSlider.swift; sourceTree = "<group>"; };
		C9FDCEDE20C14C610027358F /* VideoPlayerUtils.swift */ = {isa = PBXFileReference; lastKnownFileType = sourcecode.swift; path = VideoPlayerUtils.swift; sourceTree = "<group>"; };
/* End PBXFileReference section */

/* Begin PBXFrameworksBuildPhase section */
		C967C9A120BFC5DE003E9303 /* Frameworks */ = {
			isa = PBXFrameworksBuildPhase;
			buildActionMask = 2147483647;
			files = (
			);
			runOnlyForDeploymentPostprocessing = 0;
		};
		C967C9B520BFC5E0003E9303 /* Frameworks */ = {
			isa = PBXFrameworksBuildPhase;
			buildActionMask = 2147483647;
			files = (
			);
			runOnlyForDeploymentPostprocessing = 0;
		};
		C967C9C020BFC5E0003E9303 /* Frameworks */ = {
			isa = PBXFrameworksBuildPhase;
			buildActionMask = 2147483647;
			files = (
			);
			runOnlyForDeploymentPostprocessing = 0;
		};
/* End PBXFrameworksBuildPhase section */

/* Begin PBXGroup section */
		C96026D6211D83EF00EA3249 /* VideoPlayerView */ = {
			isa = PBXGroup;
			children = (
				C9FDCED820C124360027358F /* VideoPlayerView.swift */,
				C9FDCEDA20C12BE30027358F /* VideoPlayerControlView.swift */,
				C9FDCEDC20C145D00027358F /* VideoPlayerSlider.swift */,
			);
			path = VideoPlayerView;
			sourceTree = "<group>";
		};
		C967C99B20BFC5DE003E9303 = {
			isa = PBXGroup;
			children = (
				C967C9A620BFC5DE003E9303 /* VideoPlayerDemo */,
				C967C9BB20BFC5E0003E9303 /* VideoPlayerDemoTests */,
				C967C9C620BFC5E0003E9303 /* VideoPlayerDemoUITests */,
				C967C9A520BFC5DE003E9303 /* Products */,
			);
			sourceTree = "<group>";
		};
		C967C9A520BFC5DE003E9303 /* Products */ = {
			isa = PBXGroup;
			children = (
				C967C9A420BFC5DE003E9303 /* VideoPlayerDemo.app */,
				C967C9B820BFC5E0003E9303 /* VideoPlayerDemoTests.xctest */,
				C967C9C320BFC5E0003E9303 /* VideoPlayerDemoUITests.xctest */,
			);
			name = Products;
			sourceTree = "<group>";
		};
		C967C9A620BFC5DE003E9303 /* VideoPlayerDemo */ = {
			isa = PBXGroup;
			children = (
				C96026D6211D83EF00EA3249 /* VideoPlayerView */,
				C967C9D520BFC5F9003E9303 /* VideoPlayer */,
				C967C9A720BFC5DE003E9303 /* AppDelegate.swift */,
				C967C9A920BFC5DE003E9303 /* ViewController.swift */,
				C967C9AB20BFC5DE003E9303 /* Main.storyboard */,
				C967C9AE20BFC5E0003E9303 /* Assets.xcassets */,
				C967C9B020BFC5E0003E9303 /* LaunchScreen.storyboard */,
				C967C9B320BFC5E0003E9303 /* Info.plist */,
			);
			path = VideoPlayerDemo;
			sourceTree = "<group>";
		};
		C967C9BB20BFC5E0003E9303 /* VideoPlayerDemoTests */ = {
			isa = PBXGroup;
			children = (
				C967C9BC20BFC5E0003E9303 /* VideoPlayerDemoTests.swift */,
				C967C9BE20BFC5E0003E9303 /* Info.plist */,
			);
			path = VideoPlayerDemoTests;
			sourceTree = "<group>";
		};
		C967C9C620BFC5E0003E9303 /* VideoPlayerDemoUITests */ = {
			isa = PBXGroup;
			children = (
				C967C9C720BFC5E0003E9303 /* VideoPlayerDemoUITests.swift */,
				C967C9C920BFC5E0003E9303 /* Info.plist */,
			);
			path = VideoPlayerDemoUITests;
			sourceTree = "<group>";
		};
		C967C9D520BFC5F9003E9303 /* VideoPlayer */ = {
			isa = PBXGroup;
			children = (
				C967C9D620BFC615003E9303 /* VideoPlayer.swift */,
				C967C9D720BFC615003E9303 /* VideoPlayerInfo.swift */,
				C967C9DA20BFC67D003E9303 /* VideoPlayerDelegates.swift */,
				C9FDCEDE20C14C610027358F /* VideoPlayerUtils.swift */,
			);
			path = VideoPlayer;
			sourceTree = "<group>";
		};
/* End PBXGroup section */

/* Begin PBXNativeTarget section */
		C967C9A320BFC5DE003E9303 /* VideoPlayerDemo */ = {
			isa = PBXNativeTarget;
			buildConfigurationList = C967C9CC20BFC5E0003E9303 /* Build configuration list for PBXNativeTarget "VideoPlayerDemo" */;
			buildPhases = (
				C967C9A020BFC5DE003E9303 /* Sources */,
				C967C9A120BFC5DE003E9303 /* Frameworks */,
				C967C9A220BFC5DE003E9303 /* Resources */,
			);
			buildRules = (
			);
			dependencies = (
			);
			name = VideoPlayerDemo;
			productName = VideoPlayerDemo;
			productReference = C967C9A420BFC5DE003E9303 /* VideoPlayerDemo.app */;
			productType = "com.apple.product-type.application";
		};
		C967C9B720BFC5E0003E9303 /* VideoPlayerDemoTests */ = {
			isa = PBXNativeTarget;
			buildConfigurationList = C967C9CF20BFC5E0003E9303 /* Build configuration list for PBXNativeTarget "VideoPlayerDemoTests" */;
			buildPhases = (
				C967C9B420BFC5E0003E9303 /* Sources */,
				C967C9B520BFC5E0003E9303 /* Frameworks */,
				C967C9B620BFC5E0003E9303 /* Resources */,
			);
			buildRules = (
			);
			dependencies = (
				C967C9BA20BFC5E0003E9303 /* PBXTargetDependency */,
			);
			name = VideoPlayerDemoTests;
			productName = VideoPlayerDemoTests;
			productReference = C967C9B820BFC5E0003E9303 /* VideoPlayerDemoTests.xctest */;
			productType = "com.apple.product-type.bundle.unit-test";
		};
		C967C9C220BFC5E0003E9303 /* VideoPlayerDemoUITests */ = {
			isa = PBXNativeTarget;
			buildConfigurationList = C967C9D220BFC5E0003E9303 /* Build configuration list for PBXNativeTarget "VideoPlayerDemoUITests" */;
			buildPhases = (
				C967C9BF20BFC5E0003E9303 /* Sources */,
				C967C9C020BFC5E0003E9303 /* Frameworks */,
				C967C9C120BFC5E0003E9303 /* Resources */,
			);
			buildRules = (
			);
			dependencies = (
				C967C9C520BFC5E0003E9303 /* PBXTargetDependency */,
			);
			name = VideoPlayerDemoUITests;
			productName = VideoPlayerDemoUITests;
			productReference = C967C9C320BFC5E0003E9303 /* VideoPlayerDemoUITests.xctest */;
			productType = "com.apple.product-type.bundle.ui-testing";
		};
/* End PBXNativeTarget section */

/* Begin PBXProject section */
		C967C99C20BFC5DE003E9303 /* Project object */ = {
			isa = PBXProject;
			attributes = {
				LastSwiftUpdateCheck = 0940;
				LastUpgradeCheck = 0940;
				ORGANIZATIONNAME = "李响";
				TargetAttributes = {
					C967C9A320BFC5DE003E9303 = {
						CreatedOnToolsVersion = 9.4;
						SystemCapabilities = {
							com.apple.BackgroundModes = {
								enabled = 1;
							};
						};
					};
					C967C9B720BFC5E0003E9303 = {
						CreatedOnToolsVersion = 9.4;
						TestTargetID = C967C9A320BFC5DE003E9303;
					};
					C967C9C220BFC5E0003E9303 = {
						CreatedOnToolsVersion = 9.4;
						TestTargetID = C967C9A320BFC5DE003E9303;
					};
				};
			};
			buildConfigurationList = C967C99F20BFC5DE003E9303 /* Build configuration list for PBXProject "VideoPlayerDemo" */;
			compatibilityVersion = "Xcode 9.3";
			developmentRegion = en;
			hasScannedForEncodings = 0;
			knownRegions = (
				en,
				Base,
			);
			mainGroup = C967C99B20BFC5DE003E9303;
			productRefGroup = C967C9A520BFC5DE003E9303 /* Products */;
			projectDirPath = "";
			projectRoot = "";
			targets = (
				C967C9A320BFC5DE003E9303 /* VideoPlayerDemo */,
				C967C9B720BFC5E0003E9303 /* VideoPlayerDemoTests */,
				C967C9C220BFC5E0003E9303 /* VideoPlayerDemoUITests */,
			);
		};
/* End PBXProject section */

/* Begin PBXResourcesBuildPhase section */
		C967C9A220BFC5DE003E9303 /* Resources */ = {
			isa = PBXResourcesBuildPhase;
			buildActionMask = 2147483647;
			files = (
				C967C9B220BFC5E0003E9303 /* LaunchScreen.storyboard in Resources */,
				C967C9AF20BFC5E0003E9303 /* Assets.xcassets in Resources */,
				C967C9AD20BFC5DE003E9303 /* Main.storyboard in Resources */,
			);
			runOnlyForDeploymentPostprocessing = 0;
		};
		C967C9B620BFC5E0003E9303 /* Resources */ = {
			isa = PBXResourcesBuildPhase;
			buildActionMask = 2147483647;
			files = (
			);
			runOnlyForDeploymentPostprocessing = 0;
		};
		C967C9C120BFC5E0003E9303 /* Resources */ = {
			isa = PBXResourcesBuildPhase;
			buildActionMask = 2147483647;
			files = (
			);
			runOnlyForDeploymentPostprocessing = 0;
		};
/* End PBXResourcesBuildPhase section */

/* Begin PBXSourcesBuildPhase section */
		C967C9A020BFC5DE003E9303 /* Sources */ = {
			isa = PBXSourcesBuildPhase;
			buildActionMask = 2147483647;
			files = (
				C9FDCEDB20C12BE30027358F /* VideoPlayerControlView.swift in Sources */,
				C9FDCEDD20C145D00027358F /* VideoPlayerSlider.swift in Sources */,
				C967C9D920BFC615003E9303 /* VideoPlayerInfo.swift in Sources */,
				C967C9AA20BFC5DE003E9303 /* ViewController.swift in Sources */,
				C967C9A820BFC5DE003E9303 /* AppDelegate.swift in Sources */,
				C967C9DB20BFC67D003E9303 /* VideoPlayerDelegates.swift in Sources */,
				C967C9D820BFC615003E9303 /* VideoPlayer.swift in Sources */,
				C9FDCEDF20C14C610027358F /* VideoPlayerUtils.swift in Sources */,
				C9FDCED920C124360027358F /* VideoPlayerView.swift in Sources */,
			);
			runOnlyForDeploymentPostprocessing = 0;
		};
		C967C9B420BFC5E0003E9303 /* Sources */ = {
			isa = PBXSourcesBuildPhase;
			buildActionMask = 2147483647;
			files = (
				C967C9BD20BFC5E0003E9303 /* VideoPlayerDemoTests.swift in Sources */,
			);
			runOnlyForDeploymentPostprocessing = 0;
		};
		C967C9BF20BFC5E0003E9303 /* Sources */ = {
			isa = PBXSourcesBuildPhase;
			buildActionMask = 2147483647;
			files = (
				C967C9C820BFC5E0003E9303 /* VideoPlayerDemoUITests.swift in Sources */,
			);
			runOnlyForDeploymentPostprocessing = 0;
		};
/* End PBXSourcesBuildPhase section */

/* Begin PBXTargetDependency section */
		C967C9BA20BFC5E0003E9303 /* PBXTargetDependency */ = {
			isa = PBXTargetDependency;
			target = C967C9A320BFC5DE003E9303 /* VideoPlayerDemo */;
			targetProxy = C967C9B920BFC5E0003E9303 /* PBXContainerItemProxy */;
		};
		C967C9C520BFC5E0003E9303 /* PBXTargetDependency */ = {
			isa = PBXTargetDependency;
			target = C967C9A320BFC5DE003E9303 /* VideoPlayerDemo */;
			targetProxy = C967C9C420BFC5E0003E9303 /* PBXContainerItemProxy */;
		};
/* End PBXTargetDependency section */

/* Begin PBXVariantGroup section */
		C967C9AB20BFC5DE003E9303 /* Main.storyboard */ = {
			isa = PBXVariantGroup;
			children = (
				C967C9AC20BFC5DE003E9303 /* Base */,
			);
			name = Main.storyboard;
			sourceTree = "<group>";
		};
		C967C9B020BFC5E0003E9303 /* LaunchScreen.storyboard */ = {
			isa = PBXVariantGroup;
			children = (
				C967C9B120BFC5E0003E9303 /* Base */,
			);
			name = LaunchScreen.storyboard;
			sourceTree = "<group>";
		};
/* End PBXVariantGroup section */

/* Begin XCBuildConfiguration section */
		C967C9CA20BFC5E0003E9303 /* Debug */ = {
			isa = XCBuildConfiguration;
			buildSettings = {
				ALWAYS_SEARCH_USER_PATHS = NO;
				CLANG_ANALYZER_NONNULL = YES;
				CLANG_ANALYZER_NUMBER_OBJECT_CONVERSION = YES_AGGRESSIVE;
				CLANG_CXX_LANGUAGE_STANDARD = "gnu++14";
				CLANG_CXX_LIBRARY = "libc++";
				CLANG_ENABLE_MODULES = YES;
				CLANG_ENABLE_OBJC_ARC = YES;
				CLANG_ENABLE_OBJC_WEAK = YES;
				CLANG_WARN_BLOCK_CAPTURE_AUTORELEASING = YES;
				CLANG_WARN_BOOL_CONVERSION = YES;
				CLANG_WARN_COMMA = YES;
				CLANG_WARN_CONSTANT_CONVERSION = YES;
				CLANG_WARN_DEPRECATED_OBJC_IMPLEMENTATIONS = YES;
				CLANG_WARN_DIRECT_OBJC_ISA_USAGE = YES_ERROR;
				CLANG_WARN_DOCUMENTATION_COMMENTS = YES;
				CLANG_WARN_EMPTY_BODY = YES;
				CLANG_WARN_ENUM_CONVERSION = YES;
				CLANG_WARN_INFINITE_RECURSION = YES;
				CLANG_WARN_INT_CONVERSION = YES;
				CLANG_WARN_NON_LITERAL_NULL_CONVERSION = YES;
				CLANG_WARN_OBJC_IMPLICIT_RETAIN_SELF = YES;
				CLANG_WARN_OBJC_LITERAL_CONVERSION = YES;
				CLANG_WARN_OBJC_ROOT_CLASS = YES_ERROR;
				CLANG_WARN_RANGE_LOOP_ANALYSIS = YES;
				CLANG_WARN_STRICT_PROTOTYPES = YES;
				CLANG_WARN_SUSPICIOUS_MOVE = YES;
				CLANG_WARN_UNGUARDED_AVAILABILITY = YES_AGGRESSIVE;
				CLANG_WARN_UNREACHABLE_CODE = YES;
				CLANG_WARN__DUPLICATE_METHOD_MATCH = YES;
				CODE_SIGN_IDENTITY = "iPhone Developer";
				COPY_PHASE_STRIP = NO;
				DEBUG_INFORMATION_FORMAT = dwarf;
				ENABLE_STRICT_OBJC_MSGSEND = YES;
				ENABLE_TESTABILITY = YES;
				GCC_C_LANGUAGE_STANDARD = gnu11;
				GCC_DYNAMIC_NO_PIC = NO;
				GCC_NO_COMMON_BLOCKS = YES;
				GCC_OPTIMIZATION_LEVEL = 0;
				GCC_PREPROCESSOR_DEFINITIONS = (
					"DEBUG=1",
					"$(inherited)",
				);
				GCC_WARN_64_TO_32_BIT_CONVERSION = YES;
				GCC_WARN_ABOUT_RETURN_TYPE = YES_ERROR;
				GCC_WARN_UNDECLARED_SELECTOR = YES;
				GCC_WARN_UNINITIALIZED_AUTOS = YES_AGGRESSIVE;
				GCC_WARN_UNUSED_FUNCTION = YES;
				GCC_WARN_UNUSED_VARIABLE = YES;
				IPHONEOS_DEPLOYMENT_TARGET = 11.4;
				MTL_ENABLE_DEBUG_INFO = YES;
				ONLY_ACTIVE_ARCH = YES;
				SDKROOT = iphoneos;
				SWIFT_ACTIVE_COMPILATION_CONDITIONS = DEBUG;
				SWIFT_OPTIMIZATION_LEVEL = "-Onone";
			};
			name = Debug;
		};
		C967C9CB20BFC5E0003E9303 /* Release */ = {
			isa = XCBuildConfiguration;
			buildSettings = {
				ALWAYS_SEARCH_USER_PATHS = NO;
				CLANG_ANALYZER_NONNULL = YES;
				CLANG_ANALYZER_NUMBER_OBJECT_CONVERSION = YES_AGGRESSIVE;
				CLANG_CXX_LANGUAGE_STANDARD = "gnu++14";
				CLANG_CXX_LIBRARY = "libc++";
				CLANG_ENABLE_MODULES = YES;
				CLANG_ENABLE_OBJC_ARC = YES;
				CLANG_ENABLE_OBJC_WEAK = YES;
				CLANG_WARN_BLOCK_CAPTURE_AUTORELEASING = YES;
				CLANG_WARN_BOOL_CONVERSION = YES;
				CLANG_WARN_COMMA = YES;
				CLANG_WARN_CONSTANT_CONVERSION = YES;
				CLANG_WARN_DEPRECATED_OBJC_IMPLEMENTATIONS = YES;
				CLANG_WARN_DIRECT_OBJC_ISA_USAGE = YES_ERROR;
				CLANG_WARN_DOCUMENTATION_COMMENTS = YES;
				CLANG_WARN_EMPTY_BODY = YES;
				CLANG_WARN_ENUM_CONVERSION = YES;
				CLANG_WARN_INFINITE_RECURSION = YES;
				CLANG_WARN_INT_CONVERSION = YES;
				CLANG_WARN_NON_LITERAL_NULL_CONVERSION = YES;
				CLANG_WARN_OBJC_IMPLICIT_RETAIN_SELF = YES;
				CLANG_WARN_OBJC_LITERAL_CONVERSION = YES;
				CLANG_WARN_OBJC_ROOT_CLASS = YES_ERROR;
				CLANG_WARN_RANGE_LOOP_ANALYSIS = YES;
				CLANG_WARN_STRICT_PROTOTYPES = YES;
				CLANG_WARN_SUSPICIOUS_MOVE = YES;
				CLANG_WARN_UNGUARDED_AVAILABILITY = YES_AGGRESSIVE;
				CLANG_WARN_UNREACHABLE_CODE = YES;
				CLANG_WARN__DUPLICATE_METHOD_MATCH = YES;
				CODE_SIGN_IDENTITY = "iPhone Developer";
				COPY_PHASE_STRIP = NO;
				DEBUG_INFORMATION_FORMAT = "dwarf-with-dsym";
				ENABLE_NS_ASSERTIONS = NO;
				ENABLE_STRICT_OBJC_MSGSEND = YES;
				GCC_C_LANGUAGE_STANDARD = gnu11;
				GCC_NO_COMMON_BLOCKS = YES;
				GCC_WARN_64_TO_32_BIT_CONVERSION = YES;
				GCC_WARN_ABOUT_RETURN_TYPE = YES_ERROR;
				GCC_WARN_UNDECLARED_SELECTOR = YES;
				GCC_WARN_UNINITIALIZED_AUTOS = YES_AGGRESSIVE;
				GCC_WARN_UNUSED_FUNCTION = YES;
				GCC_WARN_UNUSED_VARIABLE = YES;
				IPHONEOS_DEPLOYMENT_TARGET = 11.4;
				MTL_ENABLE_DEBUG_INFO = NO;
				SDKROOT = iphoneos;
				SWIFT_COMPILATION_MODE = wholemodule;
				SWIFT_OPTIMIZATION_LEVEL = "-O";
				VALIDATE_PRODUCT = YES;
			};
			name = Release;
		};
		C967C9CD20BFC5E0003E9303 /* Debug */ = {
			isa = XCBuildConfiguration;
			buildSettings = {
				ASSETCATALOG_COMPILER_APPICON_NAME = AppIcon;
				CODE_SIGN_STYLE = Automatic;
				DEVELOPMENT_TEAM = 3GNXU2LRUU;
				INFOPLIST_FILE = VideoPlayerDemo/Info.plist;
				LD_RUNPATH_SEARCH_PATHS = (
					"$(inherited)",
					"@executable_path/Frameworks",
				);
				PRODUCT_BUNDLE_IDENTIFIER = com.lee.VideoPlayerDemo;
				PRODUCT_NAME = "$(TARGET_NAME)";
				SWIFT_VERSION = 4.0;
				TARGETED_DEVICE_FAMILY = "1,2";
			};
			name = Debug;
		};
		C967C9CE20BFC5E0003E9303 /* Release */ = {
			isa = XCBuildConfiguration;
			buildSettings = {
				ASSETCATALOG_COMPILER_APPICON_NAME = AppIcon;
				CODE_SIGN_STYLE = Automatic;
				DEVELOPMENT_TEAM = 3GNXU2LRUU;
				INFOPLIST_FILE = VideoPlayerDemo/Info.plist;
				LD_RUNPATH_SEARCH_PATHS = (
					"$(inherited)",
					"@executable_path/Frameworks",
				);
				PRODUCT_BUNDLE_IDENTIFIER = com.lee.VideoPlayerDemo;
				PRODUCT_NAME = "$(TARGET_NAME)";
				SWIFT_VERSION = 4.0;
				TARGETED_DEVICE_FAMILY = "1,2";
			};
			name = Release;
		};
		C967C9D020BFC5E0003E9303 /* Debug */ = {
			isa = XCBuildConfiguration;
			buildSettings = {
				ALWAYS_EMBED_SWIFT_STANDARD_LIBRARIES = YES;
				BUNDLE_LOADER = "$(TEST_HOST)";
				CODE_SIGN_STYLE = Automatic;
				DEVELOPMENT_TEAM = 3GNXU2LRUU;
				INFOPLIST_FILE = VideoPlayerDemoTests/Info.plist;
				LD_RUNPATH_SEARCH_PATHS = (
					"$(inherited)",
					"@executable_path/Frameworks",
					"@loader_path/Frameworks",
				);
				PRODUCT_BUNDLE_IDENTIFIER = com.lee.VideoPlayerDemoTests;
				PRODUCT_NAME = "$(TARGET_NAME)";
				SWIFT_VERSION = 4.0;
				TARGETED_DEVICE_FAMILY = "1,2";
				TEST_HOST = "$(BUILT_PRODUCTS_DIR)/VideoPlayerDemo.app/VideoPlayerDemo";
			};
			name = Debug;
		};
		C967C9D120BFC5E0003E9303 /* Release */ = {
			isa = XCBuildConfiguration;
			buildSettings = {
				ALWAYS_EMBED_SWIFT_STANDARD_LIBRARIES = YES;
				BUNDLE_LOADER = "$(TEST_HOST)";
				CODE_SIGN_STYLE = Automatic;
				DEVELOPMENT_TEAM = 3GNXU2LRUU;
				INFOPLIST_FILE = VideoPlayerDemoTests/Info.plist;
				LD_RUNPATH_SEARCH_PATHS = (
					"$(inherited)",
					"@executable_path/Frameworks",
					"@loader_path/Frameworks",
				);
				PRODUCT_BUNDLE_IDENTIFIER = com.lee.VideoPlayerDemoTests;
				PRODUCT_NAME = "$(TARGET_NAME)";
				SWIFT_VERSION = 4.0;
				TARGETED_DEVICE_FAMILY = "1,2";
				TEST_HOST = "$(BUILT_PRODUCTS_DIR)/VideoPlayerDemo.app/VideoPlayerDemo";
			};
			name = Release;
		};
		C967C9D320BFC5E0003E9303 /* Debug */ = {
			isa = XCBuildConfiguration;
			buildSettings = {
				ALWAYS_EMBED_SWIFT_STANDARD_LIBRARIES = YES;
				CODE_SIGN_STYLE = Automatic;
				DEVELOPMENT_TEAM = 3GNXU2LRUU;
				INFOPLIST_FILE = VideoPlayerDemoUITests/Info.plist;
				LD_RUNPATH_SEARCH_PATHS = (
					"$(inherited)",
					"@executable_path/Frameworks",
					"@loader_path/Frameworks",
				);
				PRODUCT_BUNDLE_IDENTIFIER = com.lee.VideoPlayerDemoUITests;
				PRODUCT_NAME = "$(TARGET_NAME)";
				SWIFT_VERSION = 4.0;
				TARGETED_DEVICE_FAMILY = "1,2";
				TEST_TARGET_NAME = VideoPlayerDemo;
			};
			name = Debug;
		};
		C967C9D420BFC5E0003E9303 /* Release */ = {
			isa = XCBuildConfiguration;
			buildSettings = {
				ALWAYS_EMBED_SWIFT_STANDARD_LIBRARIES = YES;
				CODE_SIGN_STYLE = Automatic;
				DEVELOPMENT_TEAM = 3GNXU2LRUU;
				INFOPLIST_FILE = VideoPlayerDemoUITests/Info.plist;
				LD_RUNPATH_SEARCH_PATHS = (
					"$(inherited)",
					"@executable_path/Frameworks",
					"@loader_path/Frameworks",
				);
				PRODUCT_BUNDLE_IDENTIFIER = com.lee.VideoPlayerDemoUITests;
				PRODUCT_NAME = "$(TARGET_NAME)";
				SWIFT_VERSION = 4.0;
				TARGETED_DEVICE_FAMILY = "1,2";
				TEST_TARGET_NAME = VideoPlayerDemo;
			};
			name = Release;
		};
/* End XCBuildConfiguration section */

/* Begin XCConfigurationList section */
		C967C99F20BFC5DE003E9303 /* Build configuration list for PBXProject "VideoPlayerDemo" */ = {
			isa = XCConfigurationList;
			buildConfigurations = (
				C967C9CA20BFC5E0003E9303 /* Debug */,
				C967C9CB20BFC5E0003E9303 /* Release */,
			);
			defaultConfigurationIsVisible = 0;
			defaultConfigurationName = Release;
		};
		C967C9CC20BFC5E0003E9303 /* Build configuration list for PBXNativeTarget "VideoPlayerDemo" */ = {
			isa = XCConfigurationList;
			buildConfigurations = (
				C967C9CD20BFC5E0003E9303 /* Debug */,
				C967C9CE20BFC5E0003E9303 /* Release */,
			);
			defaultConfigurationIsVisible = 0;
			defaultConfigurationName = Release;
		};
		C967C9CF20BFC5E0003E9303 /* Build configuration list for PBXNativeTarget "VideoPlayerDemoTests" */ = {
			isa = XCConfigurationList;
			buildConfigurations = (
				C967C9D020BFC5E0003E9303 /* Debug */,
				C967C9D120BFC5E0003E9303 /* Release */,
			);
			defaultConfigurationIsVisible = 0;
			defaultConfigurationName = Release;
		};
		C967C9D220BFC5E0003E9303 /* Build configuration list for PBXNativeTarget "VideoPlayerDemoUITests" */ = {
			isa = XCConfigurationList;
			buildConfigurations = (
				C967C9D320BFC5E0003E9303 /* Debug */,
				C967C9D420BFC5E0003E9303 /* Release */,
			);
			defaultConfigurationIsVisible = 0;
			defaultConfigurationName = Release;
		};
/* End XCConfigurationList section */
	};
	rootObject = C967C99C20BFC5DE003E9303 /* Project object */;
}
