// !$*UTF8*$!
{
	archiveVersion = 1;
	classes = {
	};
	objectVersion = 50;
	objects = {

/* Begin PBXBuildFile section */
		0A95F4B184B38E0B11A059C4 /* Pods_VideoPlayerDemoTests.framework in Frameworks */ = {isa = PBXBuildFile; fileRef = 82EC2BEF9CCF6B77FDC2EE13 /* Pods_VideoPlayerDemoTests.framework */; };
		0FFFD7459AE4EEFC7DBAB76D /* Pods_VideoPlayerDemoUITests.framework in Frameworks */ = {isa = PBXBuildFile; fileRef = CB0737E4620213A2A38E7F75 /* Pods_VideoPlayerDemoUITests.framework */; };
		2846A98A214A0D60004CD578 /* VideoPlayer.swift in Sources */ = {isa = PBXBuildFile; fileRef = 2846A989214A0D60004CD578 /* VideoPlayer.swift */; };
		28B339B721477DA600F9D3F7 /* PLVideoPlayer.swift in Sources */ = {isa = PBXBuildFile; fileRef = 28B339B621477DA600F9D3F7 /* PLVideoPlayer.swift */; };
		28B339BE2147FC6500F9D3F7 /* VideoPlayerView.swift in Sources */ = {isa = PBXBuildFile; fileRef = 28B339BD2147FC6500F9D3F7 /* VideoPlayerView.swift */; };
		28B339C02148A7E100F9D3F7 /* VideoPlayerable.swift in Sources */ = {isa = PBXBuildFile; fileRef = 28B339BF2148A7E100F9D3F7 /* VideoPlayerable.swift */; };
		28B339C22148A88D00F9D3F7 /* VideoPlayerDelagete.swift in Sources */ = {isa = PBXBuildFile; fileRef = 28B339C12148A88D00F9D3F7 /* VideoPlayerDelagete.swift */; };
		4856309E0A1C7C81FC7A5B1D /* Pods_VideoPlayerDemo.framework in Frameworks */ = {isa = PBXBuildFile; fileRef = 097F3AFE217C23910A4FDABA /* Pods_VideoPlayerDemo.framework */; };
		C967C9A820BFC5DE003E9303 /* AppDelegate.swift in Sources */ = {isa = PBXBuildFile; fileRef = C967C9A720BFC5DE003E9303 /* AppDelegate.swift */; };
		C967C9AA20BFC5DE003E9303 /* ViewController.swift in Sources */ = {isa = PBXBuildFile; fileRef = C967C9A920BFC5DE003E9303 /* ViewController.swift */; };
		C967C9AD20BFC5DE003E9303 /* Main.storyboard in Resources */ = {isa = PBXBuildFile; fileRef = C967C9AB20BFC5DE003E9303 /* Main.storyboard */; };
		C967C9AF20BFC5E0003E9303 /* Assets.xcassets in Resources */ = {isa = PBXBuildFile; fileRef = C967C9AE20BFC5E0003E9303 /* Assets.xcassets */; };
		C967C9B220BFC5E0003E9303 /* LaunchScreen.storyboard in Resources */ = {isa = PBXBuildFile; fileRef = C967C9B020BFC5E0003E9303 /* LaunchScreen.storyboard */; };
		C967C9BD20BFC5E0003E9303 /* VideoPlayerDemoTests.swift in Sources */ = {isa = PBXBuildFile; fileRef = C967C9BC20BFC5E0003E9303 /* VideoPlayerDemoTests.swift */; };
		C967C9C820BFC5E0003E9303 /* VideoPlayerDemoUITests.swift in Sources */ = {isa = PBXBuildFile; fileRef = C967C9C720BFC5E0003E9303 /* VideoPlayerDemoUITests.swift */; };
		C967C9D820BFC615003E9303 /* AVVideoPlayer.swift in Sources */ = {isa = PBXBuildFile; fileRef = C967C9D620BFC615003E9303 /* AVVideoPlayer.swift */; };
		C967C9D920BFC615003E9303 /* VideoPlayerInfo.swift in Sources */ = {isa = PBXBuildFile; fileRef = C967C9D720BFC615003E9303 /* VideoPlayerInfo.swift */; };
		C967C9DB20BFC67D003E9303 /* VideoPlayerDelegates.swift in Sources */ = {isa = PBXBuildFile; fileRef = C967C9DA20BFC67D003E9303 /* VideoPlayerDelegates.swift */; };
		C9E0DA81214A6CCD001718CC /* VideoPlayerFinishView.swift in Sources */ = {isa = PBXBuildFile; fileRef = C9E0DA80214A6CCD001718CC /* VideoPlayerFinishView.swift */; };
		C9E0DA83214A6CF9001718CC /* VideoPlayerErrorView.swift in Sources */ = {isa = PBXBuildFile; fileRef = C9E0DA82214A6CF9001718CC /* VideoPlayerErrorView.swift */; };
		C9E0DA85214A785F001718CC /* VideoPlayerProvider.swift in Sources */ = {isa = PBXBuildFile; fileRef = C9E0DA84214A785F001718CC /* VideoPlayerProvider.swift */; };
		C9E0DA88214A8045001718CC /* VideoPlayerCoverView.swift in Sources */ = {isa = PBXBuildFile; fileRef = C9E0DA87214A8045001718CC /* VideoPlayerCoverView.swift */; };
		C9FDCEDB20C12BE30027358F /* VideoPlayerControlView.swift in Sources */ = {isa = PBXBuildFile; fileRef = C9FDCEDA20C12BE30027358F /* VideoPlayerControlView.swift */; };
		C9FDCEDD20C145D00027358F /* VideoPlayerSlider.swift in Sources */ = {isa = PBXBuildFile; fileRef = C9FDCEDC20C145D00027358F /* VideoPlayerSlider.swift */; };
		C9FDCEDF20C14C610027358F /* VideoPlayerUtils.swift in Sources */ = {isa = PBXBuildFile; fileRef = C9FDCEDE20C14C610027358F /* VideoPlayerUtils.swift */; };
/* End PBXBuildFile section */

/* Begin PBXContainerItemProxy section */
		C967C9B920BFC5E0003E9303 /* PBXContainerItemProxy */ = {
			isa = PBXContainerItemProxy;
			containerPortal = C967C99C20BFC5DE003E9303 /* Project object */;
			proxyType = 1;
			remoteGlobalIDString = C967C9A320BFC5DE003E9303;
			remoteInfo = VideoPlayerDemo;
		};
		C967C9C420BFC5E0003E9303 /* PBXContainerItemProxy */ = {
			isa = PBXContainerItemProxy;
			containerPortal = C967C99C20BFC5DE003E9303 /* Project object */;
			proxyType = 1;
			remoteGlobalIDString = C967C9A320BFC5DE003E9303;
			remoteInfo = VideoPlayerDemo;
		};
/* End PBXContainerItemProxy section */

/* Begin PBXFileReference section */
		097F3AFE217C23910A4FDABA /* Pods_VideoPlayerDemo.framework */ = {isa = PBXFileReference; explicitFileType = wrapper.framework; includeInIndex = 0; path = Pods_VideoPlayerDemo.framework; sourceTree = BUILT_PRODUCTS_DIR; };
		245A7DAF45A750E7ACBD9D0B /* Pods-VideoPlayerDemo.release.xcconfig */ = {isa = PBXFileReference; includeInIndex = 1; lastKnownFileType = text.xcconfig; name = "Pods-VideoPlayerDemo.release.xcconfig"; path = "Pods/Target Support Files/Pods-VideoPlayerDemo/Pods-VideoPlayerDemo.release.xcconfig"; sourceTree = "<group>"; };
		2846A989214A0D60004CD578 /* VideoPlayer.swift */ = {isa = PBXFileReference; lastKnownFileType = sourcecode.swift; path = VideoPlayer.swift; sourceTree = "<group>"; };
		28B339B621477DA600F9D3F7 /* PLVideoPlayer.swift */ = {isa = PBXFileReference; fileEncoding = 4; lastKnownFileType = sourcecode.swift; path = PLVideoPlayer.swift; sourceTree = "<group>"; };
		28B339BD2147FC6500F9D3F7 /* VideoPlayerView.swift */ = {isa = PBXFileReference; lastKnownFileType = sourcecode.swift; path = VideoPlayerView.swift; sourceTree = "<group>"; };
		28B339BF2148A7E100F9D3F7 /* VideoPlayerable.swift */ = {isa = PBXFileReference; lastKnownFileType = sourcecode.swift; path = VideoPlayerable.swift; sourceTree = "<group>"; };
		28B339C12148A88D00F9D3F7 /* VideoPlayerDelagete.swift */ = {isa = PBXFileReference; lastKnownFileType = sourcecode.swift; path = VideoPlayerDelagete.swift; sourceTree = "<group>"; };
		28FF26C372333365453DEE84 /* Pods-VideoPlayerDemo.debug.xcconfig */ = {isa = PBXFileReference; includeInIndex = 1; lastKnownFileType = text.xcconfig; name = "Pods-VideoPlayerDemo.debug.xcconfig"; path = "Pods/Target Support Files/Pods-VideoPlayerDemo/Pods-VideoPlayerDemo.debug.xcconfig"; sourceTree = "<group>"; };
		361D1FD6ECCAFDABAC1A666E /* Pods-VideoPlayerDemoUITests.debug.xcconfig */ = {isa = PBXFileReference; includeInIndex = 1; lastKnownFileType = text.xcconfig; name = "Pods-VideoPlayerDemoUITests.debug.xcconfig"; path = "Pods/Target Support Files/Pods-VideoPlayerDemoUITests/Pods-VideoPlayerDemoUITests.debug.xcconfig"; sourceTree = "<group>"; };
		82EC2BEF9CCF6B77FDC2EE13 /* Pods_VideoPlayerDemoTests.framework */ = {isa = PBXFileReference; explicitFileType = wrapper.framework; includeInIndex = 0; path = Pods_VideoPlayerDemoTests.framework; sourceTree = BUILT_PRODUCTS_DIR; };
		A90C73D790EB207617A1E0A8 /* Pods-VideoPlayerDemoTests.release.xcconfig */ = {isa = PBXFileReference; includeInIndex = 1; lastKnownFileType = text.xcconfig; name = "Pods-VideoPlayerDemoTests.release.xcconfig"; path = "Pods/Target Support Files/Pods-VideoPlayerDemoTests/Pods-VideoPlayerDemoTests.release.xcconfig"; sourceTree = "<group>"; };
		C545468144F700AC0A105581 /* Pods-VideoPlayerDemoTests.debug.xcconfig */ = {isa = PBXFileReference; includeInIndex = 1; lastKnownFileType = text.xcconfig; name = "Pods-VideoPlayerDemoTests.debug.xcconfig"; path = "Pods/Target Support Files/Pods-VideoPlayerDemoTests/Pods-VideoPlayerDemoTests.debug.xcconfig"; sourceTree = "<group>"; };
		C967C9A420BFC5DE003E9303 /* VideoPlayerDemo.app */ = {isa = PBXFileReference; explicitFileType = wrapper.application; includeInIndex = 0; path = VideoPlayerDemo.app; sourceTree = BUILT_PRODUCTS_DIR; };
		C967C9A720BFC5DE003E9303 /* AppDelegate.swift */ = {isa = PBXFileReference; lastKnownFileType = sourcecode.swift; path = AppDelegate.swift; sourceTree = "<group>"; };
		C967C9A920BFC5DE003E9303 /* ViewController.swift */ = {isa = PBXFileReference; lastKnownFileType = sourcecode.swift; path = ViewController.swift; sourceTree = "<group>"; };
		C967C9AC20BFC5DE003E9303 /* Base */ = {isa = PBXFileReference; lastKnownFileType = file.storyboard; name = Base; path = Base.lproj/Main.storyboard; sourceTree = "<group>"; };
		C967C9AE20BFC5E0003E9303 /* Assets.xcassets */ = {isa = PBXFileReference; lastKnownFileType = folder.assetcatalog; path = Assets.xcassets; sourceTree = "<group>"; };
		C967C9B120BFC5E0003E9303 /* Base */ = {isa = PBXFileReference; lastKnownFileType = file.storyboard; name = Base; path = Base.lproj/LaunchScreen.storyboard; sourceTree = "<group>"; };
		C967C9B320BFC5E0003E9303 /* Info.plist */ = {isa = PBXFileReference; lastKnownFileType = text.plist.xml; path = Info.plist; sourceTree = "<group>"; };
		C967C9B820BFC5E0003E9303 /* VideoPlayerDemoTests.xctest */ = {isa = PBXFileReference; explicitFileType = wrapper.cfbundle; includeInIndex = 0; path = VideoPlayerDemoTests.xctest; sourceTree = BUILT_PRODUCTS_DIR; };
		C967C9BC20BFC5E0003E9303 /* VideoPlayerDemoTests.swift */ = {isa = PBXFileReference; lastKnownFileType = sourcecode.swift; path = VideoPlayerDemoTests.swift; sourceTree = "<group>"; };
		C967C9BE20BFC5E0003E9303 /* Info.plist */ = {isa = PBXFileReference; lastKnownFileType = text.plist.xml; path = Info.plist; sourceTree = "<group>"; };
		C967C9C320BFC5E0003E9303 /* VideoPlayerDemoUITests.xctest */ = {isa = PBXFileReference; explicitFileType = wrapper.cfbundle; includeInIndex = 0; path = VideoPlayerDemoUITests.xctest; sourceTree = BUILT_PRODUCTS_DIR; };
		C967C9C720BFC5E0003E9303 /* VideoPlayerDemoUITests.swift */ = {isa = PBXFileReference; lastKnownFileType = sourcecode.swift; path = VideoPlayerDemoUITests.swift; sourceTree = "<group>"; };
		C967C9C920BFC5E0003E9303 /* Info.plist */ = {isa = PBXFileReference; lastKnownFileType = text.plist.xml; path = Info.plist; sourceTree = "<group>"; };
		C967C9D620BFC615003E9303 /* AVVideoPlayer.swift */ = {isa = PBXFileReference; fileEncoding = 4; lastKnownFileType = sourcecode.swift; path = AVVideoPlayer.swift; sourceTree = "<group>"; };
		C967C9D720BFC615003E9303 /* VideoPlayerInfo.swift */ = {isa = PBXFileReference; fileEncoding = 4; lastKnownFileType = sourcecode.swift; path = VideoPlayerInfo.swift; sourceTree = "<group>"; };
		C967C9DA20BFC67D003E9303 /* VideoPlayerDelegates.swift */ = {isa = PBXFileReference; lastKnownFileType = sourcecode.swift; path = VideoPlayerDelegates.swift; sourceTree = "<group>"; };
		C9E0DA80214A6CCD001718CC /* VideoPlayerFinishView.swift */ = {isa = PBXFileReference; lastKnownFileType = sourcecode.swift; path = VideoPlayerFinishView.swift; sourceTree = "<group>"; };
		C9E0DA82214A6CF9001718CC /* VideoPlayerErrorView.swift */ = {isa = PBXFileReference; lastKnownFileType = sourcecode.swift; path = VideoPlayerErrorView.swift; sourceTree = "<group>"; };
		C9E0DA84214A785F001718CC /* VideoPlayerProvider.swift */ = {isa = PBXFileReference; lastKnownFileType = sourcecode.swift; path = VideoPlayerProvider.swift; sourceTree = "<group>"; };
		C9E0DA87214A8045001718CC /* VideoPlayerCoverView.swift */ = {isa = PBXFileReference; lastKnownFileType = sourcecode.swift; path = VideoPlayerCoverView.swift; sourceTree = "<group>"; };
		C9FDCEDA20C12BE30027358F /* VideoPlayerControlView.swift */ = {isa = PBXFileReference; lastKnownFileType = sourcecode.swift; path = VideoPlayerControlView.swift; sourceTree = "<group>"; };
		C9FDCEDC20C145D00027358F /* VideoPlayerSlider.swift */ = {isa = PBXFileReference; lastKnownFileType = sourcecode.swift; path = VideoPlayerSlider.swift; sourceTree = "<group>"; };
		C9FDCEDE20C14C610027358F /* VideoPlayerUtils.swift */ = {isa = PBXFileReference; lastKnownFileType = sourcecode.swift; path = VideoPlayerUtils.swift; sourceTree = "<group>"; };
		CB0737E4620213A2A38E7F75 /* Pods_VideoPlayerDemoUITests.framework */ = {isa = PBXFileReference; explicitFileType = wrapper.framework; includeInIndex = 0; path = Pods_VideoPlayerDemoUITests.framework; sourceTree = BUILT_PRODUCTS_DIR; };
		E0DB929BFF9E9A031837B336 /* Pods-VideoPlayerDemoUITests.release.xcconfig */ = {isa = PBXFileReference; includeInIndex = 1; lastKnownFileType = text.xcconfig; name = "Pods-VideoPlayerDemoUITests.release.xcconfig"; path = "Pods/Target Support Files/Pods-VideoPlayerDemoUITests/Pods-VideoPlayerDemoUITests.release.xcconfig"; sourceTree = "<group>"; };
/* End PBXFileReference section */

/* Begin PBXFrameworksBuildPhase section */
		C967C9A120BFC5DE003E9303 /* Frameworks */ = {
			isa = PBXFrameworksBuildPhase;
			buildActionMask = 2147483647;
			files = (
				4856309E0A1C7C81FC7A5B1D /* Pods_VideoPlayerDemo.framework in Frameworks */,
			);
			runOnlyForDeploymentPostprocessing = 0;
		};
		C967C9B520BFC5E0003E9303 /* Frameworks */ = {
			isa = PBXFrameworksBuildPhase;
			buildActionMask = 2147483647;
			files = (
				0A95F4B184B38E0B11A059C4 /* Pods_VideoPlayerDemoTests.framework in Frameworks */,
			);
			runOnlyForDeploymentPostprocessing = 0;
		};
		C967C9C020BFC5E0003E9303 /* Frameworks */ = {
			isa = PBXFrameworksBuildPhase;
			buildActionMask = 2147483647;
			files = (
				0FFFD7459AE4EEFC7DBAB76D /* Pods_VideoPlayerDemoUITests.framework in Frameworks */,
			);
			runOnlyForDeploymentPostprocessing = 0;
		};
/* End PBXFrameworksBuildPhase section */

/* Begin PBXGroup section */
		28262ED3214A0CCD0094EAB8 /* AVVideoPlayer */ = {
			isa = PBXGroup;
			children = (
				C967C9D620BFC615003E9303 /* AVVideoPlayer.swift */,
			);
			path = AVVideoPlayer;
			sourceTree = "<group>";
		};
		2846A98B214A0DC5004CD578 /* Tools */ = {
			isa = PBXGroup;
			children = (
				C967C9DA20BFC67D003E9303 /* VideoPlayerDelegates.swift */,
				C9FDCEDE20C14C610027358F /* VideoPlayerUtils.swift */,
			);
			path = Tools;
			sourceTree = "<group>";
		};
		28B339BA21479EC700F9D3F7 /* PLVideoPlayer */ = {
			isa = PBXGroup;
			children = (
				28B339B621477DA600F9D3F7 /* PLVideoPlayer.swift */,
			);
			path = PLVideoPlayer;
			sourceTree = "<group>";
		};
		39EB95C56D86018C0CBCEA8B /* Pods */ = {
			isa = PBXGroup;
			children = (
				28FF26C372333365453DEE84 /* Pods-VideoPlayerDemo.debug.xcconfig */,
				245A7DAF45A750E7ACBD9D0B /* Pods-VideoPlayerDemo.release.xcconfig */,
				C545468144F700AC0A105581 /* Pods-VideoPlayerDemoTests.debug.xcconfig */,
				A90C73D790EB207617A1E0A8 /* Pods-VideoPlayerDemoTests.release.xcconfig */,
				361D1FD6ECCAFDABAC1A666E /* Pods-VideoPlayerDemoUITests.debug.xcconfig */,
				E0DB929BFF9E9A031837B336 /* Pods-VideoPlayerDemoUITests.release.xcconfig */,
			);
			name = Pods;
			sourceTree = "<group>";
		};
		C967C99B20BFC5DE003E9303 = {
			isa = PBXGroup;
			children = (
				C967C9A620BFC5DE003E9303 /* VideoPlayerDemo */,
				C967C9BB20BFC5E0003E9303 /* VideoPlayerDemoTests */,
				C967C9C620BFC5E0003E9303 /* VideoPlayerDemoUITests */,
				C967C9A520BFC5DE003E9303 /* Products */,
				39EB95C56D86018C0CBCEA8B /* Pods */,
				E8F8A6FC2E3D713E80CA9036 /* Frameworks */,
			);
			sourceTree = "<group>";
		};
		C967C9A520BFC5DE003E9303 /* Products */ = {
			isa = PBXGroup;
			children = (
				C967C9A420BFC5DE003E9303 /* VideoPlayerDemo.app */,
				C967C9B820BFC5E0003E9303 /* VideoPlayerDemoTests.xctest */,
				C967C9C320BFC5E0003E9303 /* VideoPlayerDemoUITests.xctest */,
			);
			name = Products;
			sourceTree = "<group>";
		};
		C967C9A620BFC5DE003E9303 /* VideoPlayerDemo */ = {
			isa = PBXGroup;
			children = (
				C967C9D520BFC5F9003E9303 /* VideoPlayer */,
				C967C9A720BFC5DE003E9303 /* AppDelegate.swift */,
				C967C9A920BFC5DE003E9303 /* ViewController.swift */,
				C967C9AB20BFC5DE003E9303 /* Main.storyboard */,
				C967C9AE20BFC5E0003E9303 /* Assets.xcassets */,
				C967C9B020BFC5E0003E9303 /* LaunchScreen.storyboard */,
				C967C9B320BFC5E0003E9303 /* Info.plist */,
			);
			path = VideoPlayerDemo;
			sourceTree = "<group>";
		};
		C967C9BB20BFC5E0003E9303 /* VideoPlayerDemoTests */ = {
			isa = PBXGroup;
			children = (
				C967C9BC20BFC5E0003E9303 /* VideoPlayerDemoTests.swift */,
				C967C9BE20BFC5E0003E9303 /* Info.plist */,
			);
			path = VideoPlayerDemoTests;
			sourceTree = "<group>";
		};
		C967C9C620BFC5E0003E9303 /* VideoPlayerDemoUITests */ = {
			isa = PBXGroup;
			children = (
				C967C9C720BFC5E0003E9303 /* VideoPlayerDemoUITests.swift */,
				C967C9C920BFC5E0003E9303 /* Info.plist */,
			);
			path = VideoPlayerDemoUITests;
			sourceTree = "<group>";
		};
		C967C9D520BFC5F9003E9303 /* VideoPlayer */ = {
			isa = PBXGroup;
			children = (
				C9E0DA86214A786E001718CC /* View */,
				2846A989214A0D60004CD578 /* VideoPlayer.swift */,
				C9E0DA84214A785F001718CC /* VideoPlayerProvider.swift */,
				28B339BF2148A7E100F9D3F7 /* VideoPlayerable.swift */,
				28B339C12148A88D00F9D3F7 /* VideoPlayerDelagete.swift */,
				C967C9D720BFC615003E9303 /* VideoPlayerInfo.swift */,
				2846A98B214A0DC5004CD578 /* Tools */,
				28262ED3214A0CCD0094EAB8 /* AVVideoPlayer */,
				28B339BA21479EC700F9D3F7 /* PLVideoPlayer */,
			);
			path = VideoPlayer;
			sourceTree = "<group>";
		};
		C9E0DA86214A786E001718CC /* View */ = {
			isa = PBXGroup;
			children = (
				C9FDCEDC20C145D00027358F /* VideoPlayerSlider.swift */,
				28B339BD2147FC6500F9D3F7 /* VideoPlayerView.swift */,
				C9FDCEDA20C12BE30027358F /* VideoPlayerControlView.swift */,
				C9E0DA80214A6CCD001718CC /* VideoPlayerFinishView.swift */,
				C9E0DA82214A6CF9001718CC /* VideoPlayerErrorView.swift */,
				C9E0DA87214A8045001718CC /* VideoPlayerCoverView.swift */,
			);
			path = View;
			sourceTree = "<group>";
		};
		E8F8A6FC2E3D713E80CA9036 /* Frameworks */ = {
			isa = PBXGroup;
			children = (
				097F3AFE217C23910A4FDABA /* Pods_VideoPlayerDemo.framework */,
				82EC2BEF9CCF6B77FDC2EE13 /* Pods_VideoPlayerDemoTests.framework */,
				CB0737E4620213A2A38E7F75 /* Pods_VideoPlayerDemoUITests.framework */,
			);
			name = Frameworks;
			sourceTree = "<group>";
		};
/* End PBXGroup section */

/* Begin PBXNativeTarget section */
		C967C9A320BFC5DE003E9303 /* VideoPlayerDemo */ = {
			isa = PBXNativeTarget;
			buildConfigurationList = C967C9CC20BFC5E0003E9303 /* Build configuration list for PBXNativeTarget "VideoPlayerDemo" */;
			buildPhases = (
				3860C46E4E3DCD1E476B83E3 /* [CP] Check Pods Manifest.lock */,
				C967C9A020BFC5DE003E9303 /* Sources */,
				C967C9A120BFC5DE003E9303 /* Frameworks */,
				C967C9A220BFC5DE003E9303 /* Resources */,
				5991BA7334AAF9174BEF10FC /* [CP] Embed Pods Frameworks */,
			);
			buildRules = (
			);
			dependencies = (
			);
			name = VideoPlayerDemo;
			productName = VideoPlayerDemo;
			productReference = C967C9A420BFC5DE003E9303 /* VideoPlayerDemo.app */;
			productType = "com.apple.product-type.application";
		};
		C967C9B720BFC5E0003E9303 /* VideoPlayerDemoTests */ = {
			isa = PBXNativeTarget;
			buildConfigurationList = C967C9CF20BFC5E0003E9303 /* Build configuration list for PBXNativeTarget "VideoPlayerDemoTests" */;
			buildPhases = (
				ADAF108A8EF35670B85B28E3 /* [CP] Check Pods Manifest.lock */,
				C967C9B420BFC5E0003E9303 /* Sources */,
				C967C9B520BFC5E0003E9303 /* Frameworks */,
				C967C9B620BFC5E0003E9303 /* Resources */,
			);
			buildRules = (
			);
			dependencies = (
				C967C9BA20BFC5E0003E9303 /* PBXTargetDependency */,
			);
			name = VideoPlayerDemoTests;
			productName = VideoPlayerDemoTests;
			productReference = C967C9B820BFC5E0003E9303 /* VideoPlayerDemoTests.xctest */;
			productType = "com.apple.product-type.bundle.unit-test";
		};
		C967C9C220BFC5E0003E9303 /* VideoPlayerDemoUITests */ = {
			isa = PBXNativeTarget;
			buildConfigurationList = C967C9D220BFC5E0003E9303 /* Build configuration list for PBXNativeTarget "VideoPlayerDemoUITests" */;
			buildPhases = (
				A79825D6F67C0745302E4C34 /* [CP] Check Pods Manifest.lock */,
				C967C9BF20BFC5E0003E9303 /* Sources */,
				C967C9C020BFC5E0003E9303 /* Frameworks */,
				C967C9C120BFC5E0003E9303 /* Resources */,
			);
			buildRules = (
			);
			dependencies = (
				C967C9C520BFC5E0003E9303 /* PBXTargetDependency */,
			);
			name = VideoPlayerDemoUITests;
			productName = VideoPlayerDemoUITests;
			productReference = C967C9C320BFC5E0003E9303 /* VideoPlayerDemoUITests.xctest */;
			productType = "com.apple.product-type.bundle.ui-testing";
		};
/* End PBXNativeTarget section */

/* Begin PBXProject section */
		C967C99C20BFC5DE003E9303 /* Project object */ = {
			isa = PBXProject;
			attributes = {
				LastSwiftUpdateCheck = 0940;
				LastUpgradeCheck = 0940;
				ORGANIZATIONNAME = "李响";
				TargetAttributes = {
					C967C9A320BFC5DE003E9303 = {
						CreatedOnToolsVersion = 9.4;
						SystemCapabilities = {
							com.apple.BackgroundModes = {
								enabled = 1;
							};
						};
					};
					C967C9B720BFC5E0003E9303 = {
						CreatedOnToolsVersion = 9.4;
						LastSwiftMigration = 1000;
						TestTargetID = C967C9A320BFC5DE003E9303;
					};
					C967C9C220BFC5E0003E9303 = {
						CreatedOnToolsVersion = 9.4;
						LastSwiftMigration = 1000;
						TestTargetID = C967C9A320BFC5DE003E9303;
					};
				};
			};
			buildConfigurationList = C967C99F20BFC5DE003E9303 /* Build configuration list for PBXProject "VideoPlayerDemo" */;
			compatibilityVersion = "Xcode 9.3";
			developmentRegion = en;
			hasScannedForEncodings = 0;
			knownRegions = (
				en,
				Base,
			);
			mainGroup = C967C99B20BFC5DE003E9303;
			productRefGroup = C967C9A520BFC5DE003E9303 /* Products */;
			projectDirPath = "";
			projectRoot = "";
			targets = (
				C967C9A320BFC5DE003E9303 /* VideoPlayerDemo */,
				C967C9B720BFC5E0003E9303 /* VideoPlayerDemoTests */,
				C967C9C220BFC5E0003E9303 /* VideoPlayerDemoUITests */,
			);
		};
/* End PBXProject section */

/* Begin PBXResourcesBuildPhase section */
		C967C9A220BFC5DE003E9303 /* Resources */ = {
			isa = PBXResourcesBuildPhase;
			buildActionMask = 2147483647;
			files = (
				C967C9B220BFC5E0003E9303 /* LaunchScreen.storyboard in Resources */,
				C967C9AF20BFC5E0003E9303 /* Assets.xcassets in Resources */,
				C967C9AD20BFC5DE003E9303 /* Main.storyboard in Resources */,
			);
			runOnlyForDeploymentPostprocessing = 0;
		};
		C967C9B620BFC5E0003E9303 /* Resources */ = {
			isa = PBXResourcesBuildPhase;
			buildActionMask = 2147483647;
			files = (
			);
			runOnlyForDeploymentPostprocessing = 0;
		};
		C967C9C120BFC5E0003E9303 /* Resources */ = {
			isa = PBXResourcesBuildPhase;
			buildActionMask = 2147483647;
			files = (
			);
			runOnlyForDeploymentPostprocessing = 0;
		};
/* End PBXResourcesBuildPhase section */

/* Begin PBXShellScriptBuildPhase section */
		3860C46E4E3DCD1E476B83E3 /* [CP] Check Pods Manifest.lock */ = {
			isa = PBXShellScriptBuildPhase;
			buildActionMask = 2147483647;
			files = (
			);
			inputPaths = (
				"${PODS_PODFILE_DIR_PATH}/Podfile.lock",
				"${PODS_ROOT}/Manifest.lock",
			);
			name = "[CP] Check Pods Manifest.lock";
			outputPaths = (
				"$(DERIVED_FILE_DIR)/Pods-VideoPlayerDemo-checkManifestLockResult.txt",
			);
			runOnlyForDeploymentPostprocessing = 0;
			shellPath = /bin/sh;
			shellScript = "diff \"${PODS_PODFILE_DIR_PATH}/Podfile.lock\" \"${PODS_ROOT}/Manifest.lock\" > /dev/null\nif [ $? != 0 ] ; then\n    # print error to STDERR\n    echo \"error: The sandbox is not in sync with the Podfile.lock. Run 'pod install' or update your CocoaPods installation.\" >&2\n    exit 1\nfi\n# This output is used by Xcode 'outputs' to avoid re-running this script phase.\necho \"SUCCESS\" > \"${SCRIPT_OUTPUT_FILE_0}\"\n";
			showEnvVarsInLog = 0;
		};
		5991BA7334AAF9174BEF10FC /* [CP] Embed Pods Frameworks */ = {
			isa = PBXShellScriptBuildPhase;
			buildActionMask = 2147483647;
			files = (
			);
			inputPaths = (
				"${SRCROOT}/Pods/Target Support Files/Pods-VideoPlayerDemo/Pods-VideoPlayerDemo-frameworks.sh",
				"${PODS_ROOT}/PLPlayerKit/Pod/Library/PLPlayerKit.framework",
			);
			name = "[CP] Embed Pods Frameworks";
			outputPaths = (
				"${TARGET_BUILD_DIR}/${FRAMEWORKS_FOLDER_PATH}/PLPlayerKit.framework",
			);
			runOnlyForDeploymentPostprocessing = 0;
			shellPath = /bin/sh;
			shellScript = "\"${SRCROOT}/Pods/Target Support Files/Pods-VideoPlayerDemo/Pods-VideoPlayerDemo-frameworks.sh\"\n";
			showEnvVarsInLog = 0;
		};
		A79825D6F67C0745302E4C34 /* [CP] Check Pods Manifest.lock */ = {
			isa = PBXShellScriptBuildPhase;
			buildActionMask = 2147483647;
			files = (
			);
			inputPaths = (
				"${PODS_PODFILE_DIR_PATH}/Podfile.lock",
				"${PODS_ROOT}/Manifest.lock",
			);
			name = "[CP] Check Pods Manifest.lock";
			outputPaths = (
				"$(DERIVED_FILE_DIR)/Pods-VideoPlayerDemoUITests-checkManifestLockResult.txt",
			);
			runOnlyForDeploymentPostprocessing = 0;
			shellPath = /bin/sh;
			shellScript = "diff \"${PODS_PODFILE_DIR_PATH}/Podfile.lock\" \"${PODS_ROOT}/Manifest.lock\" > /dev/null\nif [ $? != 0 ] ; then\n    # print error to STDERR\n    echo \"error: The sandbox is not in sync with the Podfile.lock. Run 'pod install' or update your CocoaPods installation.\" >&2\n    exit 1\nfi\n# This output is used by Xcode 'outputs' to avoid re-running this script phase.\necho \"SUCCESS\" > \"${SCRIPT_OUTPUT_FILE_0}\"\n";
			showEnvVarsInLog = 0;
		};
		ADAF108A8EF35670B85B28E3 /* [CP] Check Pods Manifest.lock */ = {
			isa = PBXShellScriptBuildPhase;
			buildActionMask = 2147483647;
			files = (
			);
			inputPaths = (
				"${PODS_PODFILE_DIR_PATH}/Podfile.lock",
				"${PODS_ROOT}/Manifest.lock",
			);
			name = "[CP] Check Pods Manifest.lock";
			outputPaths = (
				"$(DERIVED_FILE_DIR)/Pods-VideoPlayerDemoTests-checkManifestLockResult.txt",
			);
			runOnlyForDeploymentPostprocessing = 0;
			shellPath = /bin/sh;
			shellScript = "diff \"${PODS_PODFILE_DIR_PATH}/Podfile.lock\" \"${PODS_ROOT}/Manifest.lock\" > /dev/null\nif [ $? != 0 ] ; then\n    # print error to STDERR\n    echo \"error: The sandbox is not in sync with the Podfile.lock. Run 'pod install' or update your CocoaPods installation.\" >&2\n    exit 1\nfi\n# This output is used by Xcode 'outputs' to avoid re-running this script phase.\necho \"SUCCESS\" > \"${SCRIPT_OUTPUT_FILE_0}\"\n";
			showEnvVarsInLog = 0;
		};
/* End PBXShellScriptBuildPhase section */

/* Begin PBXSourcesBuildPhase section */
		C967C9A020BFC5DE003E9303 /* Sources */ = {
			isa = PBXSourcesBuildPhase;
			buildActionMask = 2147483647;
			files = (
				C9FDCEDB20C12BE30027358F /* VideoPlayerControlView.swift in Sources */,
				C9E0DA85214A785F001718CC /* VideoPlayerProvider.swift in Sources */,
				28B339C22148A88D00F9D3F7 /* VideoPlayerDelagete.swift in Sources */,
				C9E0DA88214A8045001718CC /* VideoPlayerCoverView.swift in Sources */,
				C9FDCEDD20C145D00027358F /* VideoPlayerSlider.swift in Sources */,
				C967C9D920BFC615003E9303 /* VideoPlayerInfo.swift in Sources */,
				C967C9AA20BFC5DE003E9303 /* ViewController.swift in Sources */,
				28B339B721477DA600F9D3F7 /* PLVideoPlayer.swift in Sources */,
				C9E0DA81214A6CCD001718CC /* VideoPlayerFinishView.swift in Sources */,
				C967C9A820BFC5DE003E9303 /* AppDelegate.swift in Sources */,
				C967C9DB20BFC67D003E9303 /* VideoPlayerDelegates.swift in Sources */,
				C967C9D820BFC615003E9303 /* AVVideoPlayer.swift in Sources */,
				C9FDCEDF20C14C610027358F /* VideoPlayerUtils.swift in Sources */,
				C9E0DA83214A6CF9001718CC /* VideoPlayerErrorView.swift in Sources */,
				2846A98A214A0D60004CD578 /* VideoPlayer.swift in Sources */,
				28B339BE2147FC6500F9D3F7 /* VideoPlayerView.swift in Sources */,
				28B339C02148A7E100F9D3F7 /* VideoPlayerable.swift in Sources */,
			);
			runOnlyForDeploymentPostprocessing = 0;
		};
		C967C9B420BFC5E0003E9303 /* Sources */ = {
			isa = PBXSourcesBuildPhase;
			buildActionMask = 2147483647;
			files = (
				C967C9BD20BFC5E0003E9303 /* VideoPlayerDemoTests.swift in Sources */,
			);
			runOnlyForDeploymentPostprocessing = 0;
		};
		C967C9BF20BFC5E0003E9303 /* Sources */ = {
			isa = PBXSourcesBuildPhase;
			buildActionMask = 2147483647;
			files = (
				C967C9C820BFC5E0003E9303 /* VideoPlayerDemoUITests.swift in Sources */,
			);
			runOnlyForDeploymentPostprocessing = 0;
		};
/* End PBXSourcesBuildPhase section */

/* Begin PBXTargetDependency section */
		C967C9BA20BFC5E0003E9303 /* PBXTargetDependency */ = {
			isa = PBXTargetDependency;
			target = C967C9A320BFC5DE003E9303 /* VideoPlayerDemo */;
			targetProxy = C967C9B920BFC5E0003E9303 /* PBXContainerItemProxy */;
		};
		C967C9C520BFC5E0003E9303 /* PBXTargetDependency */ = {
			isa = PBXTargetDependency;
			target = C967C9A320BFC5DE003E9303 /* VideoPlayerDemo */;
			targetProxy = C967C9C420BFC5E0003E9303 /* PBXContainerItemProxy */;
		};
/* End PBXTargetDependency section */

/* Begin PBXVariantGroup section */
		C967C9AB20BFC5DE003E9303 /* Main.storyboard */ = {
			isa = PBXVariantGroup;
			children = (
				C967C9AC20BFC5DE003E9303 /* Base */,
			);
			name = Main.storyboard;
			sourceTree = "<group>";
		};
		C967C9B020BFC5E0003E9303 /* LaunchScreen.storyboard */ = {
			isa = PBXVariantGroup;
			children = (
				C967C9B120BFC5E0003E9303 /* Base */,
			);
			name = LaunchScreen.storyboard;
			sourceTree = "<group>";
		};
/* End PBXVariantGroup section */

/* Begin XCBuildConfiguration section */
		C967C9CA20BFC5E0003E9303 /* Debug */ = {
			isa = XCBuildConfiguration;
			buildSettings = {
				ALWAYS_SEARCH_USER_PATHS = NO;
				CLANG_ANALYZER_NONNULL = YES;
				CLANG_ANALYZER_NUMBER_OBJECT_CONVERSION = YES_AGGRESSIVE;
				CLANG_CXX_LANGUAGE_STANDARD = "gnu++14";
				CLANG_CXX_LIBRARY = "libc++";
				CLANG_ENABLE_MODULES = YES;
				CLANG_ENABLE_OBJC_ARC = YES;
				CLANG_ENABLE_OBJC_WEAK = YES;
				CLANG_WARN_BLOCK_CAPTURE_AUTORELEASING = YES;
				CLANG_WARN_BOOL_CONVERSION = YES;
				CLANG_WARN_COMMA = YES;
				CLANG_WARN_CONSTANT_CONVERSION = YES;
				CLANG_WARN_DEPRECATED_OBJC_IMPLEMENTATIONS = YES;
				CLANG_WARN_DIRECT_OBJC_ISA_USAGE = YES_ERROR;
				CLANG_WARN_DOCUMENTATION_COMMENTS = YES;
				CLANG_WARN_EMPTY_BODY = YES;
				CLANG_WARN_ENUM_CONVERSION = YES;
				CLANG_WARN_INFINITE_RECURSION = YES;
				CLANG_WARN_INT_CONVERSION = YES;
				CLANG_WARN_NON_LITERAL_NULL_CONVERSION = YES;
				CLANG_WARN_OBJC_IMPLICIT_RETAIN_SELF = YES;
				CLANG_WARN_OBJC_LITERAL_CONVERSION = YES;
				CLANG_WARN_OBJC_ROOT_CLASS = YES_ERROR;
				CLANG_WARN_RANGE_LOOP_ANALYSIS = YES;
				CLANG_WARN_STRICT_PROTOTYPES = YES;
				CLANG_WARN_SUSPICIOUS_MOVE = YES;
				CLANG_WARN_UNGUARDED_AVAILABILITY = YES_AGGRESSIVE;
				CLANG_WARN_UNREACHABLE_CODE = YES;
				CLANG_WARN__DUPLICATE_METHOD_MATCH = YES;
				CODE_SIGN_IDENTITY = "iPhone Developer";
				COPY_PHASE_STRIP = NO;
				DEBUG_INFORMATION_FORMAT = dwarf;
				ENABLE_STRICT_OBJC_MSGSEND = YES;
				ENABLE_TESTABILITY = YES;
				GCC_C_LANGUAGE_STANDARD = gnu11;
				GCC_DYNAMIC_NO_PIC = NO;
				GCC_NO_COMMON_BLOCKS = YES;
				GCC_OPTIMIZATION_LEVEL = 0;
				GCC_PREPROCESSOR_DEFINITIONS = (
					"DEBUG=1",
					"$(inherited)",
				);
				GCC_WARN_64_TO_32_BIT_CONVERSION = YES;
				GCC_WARN_ABOUT_RETURN_TYPE = YES_ERROR;
				GCC_WARN_UNDECLARED_SELECTOR = YES;
				GCC_WARN_UNINITIALIZED_AUTOS = YES_AGGRESSIVE;
				GCC_WARN_UNUSED_FUNCTION = YES;
				GCC_WARN_UNUSED_VARIABLE = YES;
				IPHONEOS_DEPLOYMENT_TARGET = 11.4;
				MTL_ENABLE_DEBUG_INFO = YES;
				ONLY_ACTIVE_ARCH = YES;
				SDKROOT = iphoneos;
				SWIFT_ACTIVE_COMPILATION_CONDITIONS = DEBUG;
				SWIFT_OPTIMIZATION_LEVEL = "-Onone";
			};
			name = Debug;
		};
		C967C9CB20BFC5E0003E9303 /* Release */ = {
			isa = XCBuildConfiguration;
			buildSettings = {
				ALWAYS_SEARCH_USER_PATHS = NO;
				CLANG_ANALYZER_NONNULL = YES;
				CLANG_ANALYZER_NUMBER_OBJECT_CONVERSION = YES_AGGRESSIVE;
				CLANG_CXX_LANGUAGE_STANDARD = "gnu++14";
				CLANG_CXX_LIBRARY = "libc++";
				CLANG_ENABLE_MODULES = YES;
				CLANG_ENABLE_OBJC_ARC = YES;
				CLANG_ENABLE_OBJC_WEAK = YES;
				CLANG_WARN_BLOCK_CAPTURE_AUTORELEASING = YES;
				CLANG_WARN_BOOL_CONVERSION = YES;
				CLANG_WARN_COMMA = YES;
				CLANG_WARN_CONSTANT_CONVERSION = YES;
				CLANG_WARN_DEPRECATED_OBJC_IMPLEMENTATIONS = YES;
				CLANG_WARN_DIRECT_OBJC_ISA_USAGE = YES_ERROR;
				CLANG_WARN_DOCUMENTATION_COMMENTS = YES;
				CLANG_WARN_EMPTY_BODY = YES;
				CLANG_WARN_ENUM_CONVERSION = YES;
				CLANG_WARN_INFINITE_RECURSION = YES;
				CLANG_WARN_INT_CONVERSION = YES;
				CLANG_WARN_NON_LITERAL_NULL_CONVERSION = YES;
				CLANG_WARN_OBJC_IMPLICIT_RETAIN_SELF = YES;
				CLANG_WARN_OBJC_LITERAL_CONVERSION = YES;
				CLANG_WARN_OBJC_ROOT_CLASS = YES_ERROR;
				CLANG_WARN_RANGE_LOOP_ANALYSIS = YES;
				CLANG_WARN_STRICT_PROTOTYPES = YES;
				CLANG_WARN_SUSPICIOUS_MOVE = YES;
				CLANG_WARN_UNGUARDED_AVAILABILITY = YES_AGGRESSIVE;
				CLANG_WARN_UNREACHABLE_CODE = YES;
				CLANG_WARN__DUPLICATE_METHOD_MATCH = YES;
				CODE_SIGN_IDENTITY = "iPhone Developer";
				COPY_PHASE_STRIP = NO;
				DEBUG_INFORMATION_FORMAT = "dwarf-with-dsym";
				ENABLE_NS_ASSERTIONS = NO;
				ENABLE_STRICT_OBJC_MSGSEND = YES;
				GCC_C_LANGUAGE_STANDARD = gnu11;
				GCC_NO_COMMON_BLOCKS = YES;
				GCC_WARN_64_TO_32_BIT_CONVERSION = YES;
				GCC_WARN_ABOUT_RETURN_TYPE = YES_ERROR;
				GCC_WARN_UNDECLARED_SELECTOR = YES;
				GCC_WARN_UNINITIALIZED_AUTOS = YES_AGGRESSIVE;
				GCC_WARN_UNUSED_FUNCTION = YES;
				GCC_WARN_UNUSED_VARIABLE = YES;
				IPHONEOS_DEPLOYMENT_TARGET = 11.4;
				MTL_ENABLE_DEBUG_INFO = NO;
				SDKROOT = iphoneos;
				SWIFT_COMPILATION_MODE = wholemodule;
				SWIFT_OPTIMIZATION_LEVEL = "-O";
				VALIDATE_PRODUCT = YES;
			};
			name = Release;
		};
		C967C9CD20BFC5E0003E9303 /* Debug */ = {
			isa = XCBuildConfiguration;
			baseConfigurationReference = 28FF26C372333365453DEE84 /* Pods-VideoPlayerDemo.debug.xcconfig */;
			buildSettings = {
				ASSETCATALOG_COMPILER_APPICON_NAME = AppIcon;
				CODE_SIGN_STYLE = Automatic;
				DEVELOPMENT_TEAM = 683UGRW72Z;
				INFOPLIST_FILE = VideoPlayerDemo/Info.plist;
				LD_RUNPATH_SEARCH_PATHS = (
					"$(inherited)",
					"@executable_path/Frameworks",
				);
				PRODUCT_BUNDLE_IDENTIFIER = com.lee.VideoPlayerDemo;
				PRODUCT_NAME = "$(TARGET_NAME)";
				SWIFT_VERSION = 4.2;
				TARGETED_DEVICE_FAMILY = "1,2";
			};
			name = Debug;
		};
		C967C9CE20BFC5E0003E9303 /* Release */ = {
			isa = XCBuildConfiguration;
			baseConfigurationReference = 245A7DAF45A750E7ACBD9D0B /* Pods-VideoPlayerDemo.release.xcconfig */;
			buildSettings = {
				ASSETCATALOG_COMPILER_APPICON_NAME = AppIcon;
				CODE_SIGN_STYLE = Automatic;
				DEVELOPMENT_TEAM = 683UGRW72Z;
				INFOPLIST_FILE = VideoPlayerDemo/Info.plist;
				LD_RUNPATH_SEARCH_PATHS = (
					"$(inherited)",
					"@executable_path/Frameworks",
				);
				PRODUCT_BUNDLE_IDENTIFIER = com.lee.VideoPlayerDemo;
				PRODUCT_NAME = "$(TARGET_NAME)";
				SWIFT_VERSION = 4.2;
				TARGETED_DEVICE_FAMILY = "1,2";
			};
			name = Release;
		};
		C967C9D020BFC5E0003E9303 /* Debug */ = {
			isa = XCBuildConfiguration;
			baseConfigurationReference = C545468144F700AC0A105581 /* Pods-VideoPlayerDemoTests.debug.xcconfig */;
			buildSettings = {
				ALWAYS_EMBED_SWIFT_STANDARD_LIBRARIES = YES;
				BUNDLE_LOADER = "$(TEST_HOST)";
				CODE_SIGN_STYLE = Automatic;
				DEVELOPMENT_TEAM = 3GNXU2LRUU;
				INFOPLIST_FILE = VideoPlayerDemoTests/Info.plist;
				LD_RUNPATH_SEARCH_PATHS = (
					"$(inherited)",
					"@executable_path/Frameworks",
					"@loader_path/Frameworks",
				);
				PRODUCT_BUNDLE_IDENTIFIER = com.lee.VideoPlayerDemoTests;
				PRODUCT_NAME = "$(TARGET_NAME)";
				SWIFT_VERSION = 4.2;
				TARGETED_DEVICE_FAMILY = "1,2";
				TEST_HOST = "$(BUILT_PRODUCTS_DIR)/VideoPlayerDemo.app/VideoPlayerDemo";
			};
			name = Debug;
		};
		C967C9D120BFC5E0003E9303 /* Release */ = {
			isa = XCBuildConfiguration;
			baseConfigurationReference = A90C73D790EB207617A1E0A8 /* Pods-VideoPlayerDemoTests.release.xcconfig */;
			buildSettings = {
				ALWAYS_EMBED_SWIFT_STANDARD_LIBRARIES = YES;
				BUNDLE_LOADER = "$(TEST_HOST)";
				CODE_SIGN_STYLE = Automatic;
				DEVELOPMENT_TEAM = 3GNXU2LRUU;
				INFOPLIST_FILE = VideoPlayerDemoTests/Info.plist;
				LD_RUNPATH_SEARCH_PATHS = (
					"$(inherited)",
					"@executable_path/Frameworks",
					"@loader_path/Frameworks",
				);
				PRODUCT_BUNDLE_IDENTIFIER = com.lee.VideoPlayerDemoTests;
				PRODUCT_NAME = "$(TARGET_NAME)";
				SWIFT_VERSION = 4.2;
				TARGETED_DEVICE_FAMILY = "1,2";
				TEST_HOST = "$(BUILT_PRODUCTS_DIR)/VideoPlayerDemo.app/VideoPlayerDemo";
			};
			name = Release;
		};
		C967C9D320BFC5E0003E9303 /* Debug */ = {
			isa = XCBuildConfiguration;
			baseConfigurationReference = 361D1FD6ECCAFDABAC1A666E /* Pods-VideoPlayerDemoUITests.debug.xcconfig */;
			buildSettings = {
				ALWAYS_EMBED_SWIFT_STANDARD_LIBRARIES = YES;
				CODE_SIGN_STYLE = Automatic;
				DEVELOPMENT_TEAM = 3GNXU2LRUU;
				INFOPLIST_FILE = VideoPlayerDemoUITests/Info.plist;
				LD_RUNPATH_SEARCH_PATHS = (
					"$(inherited)",
					"@executable_path/Frameworks",
					"@loader_path/Frameworks",
				);
				PRODUCT_BUNDLE_IDENTIFIER = com.lee.VideoPlayerDemoUITests;
				PRODUCT_NAME = "$(TARGET_NAME)";
				SWIFT_VERSION = 4.2;
				TARGETED_DEVICE_FAMILY = "1,2";
				TEST_TARGET_NAME = VideoPlayerDemo;
			};
			name = Debug;
		};
		C967C9D420BFC5E0003E9303 /* Release */ = {
			isa = XCBuildConfiguration;
			baseConfigurationReference = E0DB929BFF9E9A031837B336 /* Pods-VideoPlayerDemoUITests.release.xcconfig */;
			buildSettings = {
				ALWAYS_EMBED_SWIFT_STANDARD_LIBRARIES = YES;
				CODE_SIGN_STYLE = Automatic;
				DEVELOPMENT_TEAM = 3GNXU2LRUU;
				INFOPLIST_FILE = VideoPlayerDemoUITests/Info.plist;
				LD_RUNPATH_SEARCH_PATHS = (
					"$(inherited)",
					"@executable_path/Frameworks",
					"@loader_path/Frameworks",
				);
				PRODUCT_BUNDLE_IDENTIFIER = com.lee.VideoPlayerDemoUITests;
				PRODUCT_NAME = "$(TARGET_NAME)";
				SWIFT_VERSION = 4.2;
				TARGETED_DEVICE_FAMILY = "1,2";
				TEST_TARGET_NAME = VideoPlayerDemo;
			};
			name = Release;
		};
/* End XCBuildConfiguration section */

/* Begin XCConfigurationList section */
		C967C99F20BFC5DE003E9303 /* Build configuration list for PBXProject "VideoPlayerDemo" */ = {
			isa = XCConfigurationList;
			buildConfigurations = (
				C967C9CA20BFC5E0003E9303 /* Debug */,
				C967C9CB20BFC5E0003E9303 /* Release */,
			);
			defaultConfigurationIsVisible = 0;
			defaultConfigurationName = Release;
		};
		C967C9CC20BFC5E0003E9303 /* Build configuration list for PBXNativeTarget "VideoPlayerDemo" */ = {
			isa = XCConfigurationList;
			buildConfigurations = (
				C967C9CD20BFC5E0003E9303 /* Debug */,
				C967C9CE20BFC5E0003E9303 /* Release */,
			);
			defaultConfigurationIsVisible = 0;
			defaultConfigurationName = Release;
		};
		C967C9CF20BFC5E0003E9303 /* Build configuration list for PBXNativeTarget "VideoPlayerDemoTests" */ = {
			isa = XCConfigurationList;
			buildConfigurations = (
				C967C9D020BFC5E0003E9303 /* Debug */,
				C967C9D120BFC5E0003E9303 /* Release */,
			);
			defaultConfigurationIsVisible = 0;
			defaultConfigurationName = Release;
		};
		C967C9D220BFC5E0003E9303 /* Build configuration list for PBXNativeTarget "VideoPlayerDemoUITests" */ = {
			isa = XCConfigurationList;
			buildConfigurations = (
				C967C9D320BFC5E0003E9303 /* Debug */,
				C967C9D420BFC5E0003E9303 /* Release */,
			);
			defaultConfigurationIsVisible = 0;
			defaultConfigurationName = Release;
		};
/* End XCConfigurationList section */
	};
	rootObject = C967C99C20BFC5DE003E9303 /* Project object */;
}
